
Microsoft Visual Studio Solution File, Format Version 12.00
# Visual Studio Version 17
VisualStudioVersion = 17.1.32228.430
MinimumVisualStudioVersion = 10.0.40219.1
Project("{FAE04EC0-301F-11D3-BF4B-00C04F79EFBC}") = "AdventOfCode", "AdventOfCode\AdventOfCode.csproj", "{8EF92B1F-6ABD-464D-914F-32883E9EA178}"
EndProject
Global
	GlobalSection(SolutionConfigurationPlatforms) = preSolution
		Debug|Any CPU = Debug|Any CPU
		Release|Any CPU = Release|Any CPU
	EndGlobalSection
	GlobalSection(ProjectConfigurationPlatforms) = postSolution
		{8EF92B1F-6ABD-464D-914F-32883E9EA178}.Debug|Any CPU.ActiveCfg = Debug|Any CPU
		{8EF92B1F-6ABD-464D-914F-32883E9EA178}.Debug|Any CPU.Build.0 = Debug|Any CPU
		{8EF92B1F-6ABD-464D-914F-32883E9EA178}.Release|Any CPU.ActiveCfg = Release|Any CPU
		{8EF92B1F-6ABD-464D-914F-32883E9EA178}.Release|Any CPU.Build.0 = Release|Any CPU
	EndGlobalSection
	GlobalSection(SolutionProperties) = preSolution
		HideSolutionNode = FALSE
	EndGlobalSection
	GlobalSection(ExtensibilityGlobals) = postSolution
		SolutionGuid = {81528064-0040-45A3-84F1-CFDF6BFEC01E}
	EndGlobalSection
EndGlobal
